<?xml version="1.0" encoding="utf-8"?>
<Project ToolsVersion="4.0" xmlns="http://schemas.microsoft.com/developer/msbuild/2003">
  <ItemGroup>
    <Filter Include="Исходные файлы">
      <UniqueIdentifier>{4FC737F1-C7A5-4376-A066-2A32D752A2FF}</UniqueIdentifier>
      <Extensions>cpp;c;cc;cxx;def;odl;idl;hpj;bat;asm;asmx</Extensions>
    </Filter>
    <Filter Include="Файлы заголовков">
      <UniqueIdentifier>{93995380-89BD-4b04-88EB-625FBE52EBFB}</UniqueIdentifier>
      <Extensions>h;hh;hpp;hxx;hm;inl;inc;ipp;xsd</Extensions>
    </Filter>
    <Filter Include="Файлы ресурсов">
      <UniqueIdentifier>{67DA6AB6-F800-4c08-8B7A-83BB121AAD01}</UniqueIdentifier>
      <Extensions>rc;ico;cur;bmp;dlg;rc2;rct;bin;rgs;gif;jpg;jpeg;jpe;resx;tiff;tif;png;wav;mfcribbon-ms</Extensions>
    </Filter>
  </ItemGroup>
  <ItemGroup>
    <ClCompile Include="Engine.cpp">
      <Filter>Исходные файлы</Filter>
    </ClCompile>
    <ClCompile Include="main.cpp">
      <Filter>Исходные файлы</Filter>
    </ClCompile>
    <ClCompile Include="Sheep.cpp">
      <Filter>Исходные файлы</Filter>
    </ClCompile>
    <ClCompile Include="Animal.cpp">
      <Filter>Исходные файлы</Filter>
    </ClCompile>
    <ClCompile Include="WolfPack.cpp">
      <Filter>Исходные файлы</Filter>
    </ClCompile>
    <ClCompile Include="StateWolf.cpp">
      <Filter>Исходные файлы</Filter>
    </ClCompile>
    <ClCompile Include="Wolf.cpp">
      <Filter>Исходные файлы</Filter>
    </ClCompile>
    <ClCompile Include="SheepFlock.cpp">
      <Filter>Исходные файлы</Filter>
    </ClCompile>
    <ClCompile Include="SickWolf.cpp">
      <Filter>Исходные файлы</Filter>
    </ClCompile>
    <ClCompile Include="WinterWolfBehavior.cpp">
      <Filter>Исходные файлы</Filter>
    </ClCompile>
    <ClCompile Include="RaisingOffspring.cpp">
      <Filter>Исходные файлы</Filter>
    </ClCompile>
    <ClCompile Include="WolfMatingBehaviorState.cpp">
      <Filter>Исходные файлы</Filter>
    </ClCompile>
    <ClCompile Include="Info.cpp">
      <Filter>Исходные файлы</Filter>
    </ClCompile>
    <ClCompile Include="Reserve.cpp">
      <Filter>Исходные файлы</Filter>
    </ClCompile>
    <ClCompile Include="WolfHuntStrategy.cpp">
      <Filter>Исходные файлы</Filter>
    </ClCompile>
    <ClCompile Include="СorralHuntStrategy.cpp">
      <Filter>Исходные файлы</Filter>
    </ClCompile>
    <ClCompile Include="RoundUpHuntStrategy.cpp">
      <Filter>Исходные файлы</Filter>
    </ClCompile>
    <ClCompile Include="StateSheep.cpp">
      <Filter>Исходные файлы</Filter>
    </ClCompile>
    <ClCompile Include="SheepAlert.cpp">
      <Filter>Исходные файлы</Filter>
    </ClCompile>
    <ClCompile Include="HealthySheep.cpp">
      <Filter>Исходные файлы</Filter>
    </ClCompile>
    <ClCompile Include="SickSheep.cpp">
      <Filter>Исходные файлы</Filter>
    </ClCompile>
    <ClCompile Include="SheepMatingBehaviorState.cpp">
      <Filter>Исходные файлы</Filter>
    </ClCompile>
    <ClCompile Include="FieldCreator.cpp">
      <Filter>Исходные файлы</Filter>
    </ClCompile>
    <ClCompile Include="GrassFieldCreator.cpp">
      <Filter>Исходные файлы</Filter>
    </ClCompile>
    <ClCompile Include="Field.cpp">
      <Filter>Исходные файлы</Filter>
    </ClCompile>
    <ClCompile Include="GrassField.cpp">
      <Filter>Исходные файлы</Filter>
    </ClCompile>
    <ClCompile Include="Cell.cpp">
      <Filter>Исходные файлы</Filter>
    </ClCompile>
    <ClCompile Include="Weather.cpp">
      <Filter>Исходные файлы</Filter>
    </ClCompile>
    <ClCompile Include="Fauna.cpp">
      <Filter>Исходные файлы</Filter>
    </ClCompile>
  </ItemGroup>
  <ItemGroup>
    <ClInclude Include="Engine.h">
      <Filter>Файлы заголовков</Filter>
    </ClInclude>
    <ClInclude Include="Sheep.h">
      <Filter>Файлы заголовков</Filter>
    </ClInclude>
    <ClInclude Include="Animal.h">
      <Filter>Файлы заголовков</Filter>
    </ClInclude>
    <ClInclude Include="WolfPack.h">
      <Filter>Файлы заголовков</Filter>
    </ClInclude>
    <ClInclude Include="StateWolf.h">
      <Filter>Файлы заголовков</Filter>
    </ClInclude>
    <ClInclude Include="Wolf.h">
      <Filter>Файлы заголовков</Filter>
    </ClInclude>
    <ClInclude Include="SheepFlock.h">
      <Filter>Файлы заголовков</Filter>
    </ClInclude>
    <ClInclude Include="SickWolf.h">
      <Filter>Файлы заголовков</Filter>
    </ClInclude>
    <ClInclude Include="WinterWolfBehavior.h">
      <Filter>Файлы заголовков</Filter>
    </ClInclude>
    <ClInclude Include="RaisingOffspring.h">
      <Filter>Файлы заголовков</Filter>
    </ClInclude>
    <ClInclude Include="WolfMatingBehaviorState.h">
      <Filter>Файлы заголовков</Filter>
    </ClInclude>
    <ClInclude Include="Info.h">
      <Filter>Файлы заголовков</Filter>
    </ClInclude>
    <ClInclude Include="Reserve.h">
      <Filter>Файлы заголовков</Filter>
    </ClInclude>
    <ClInclude Include="WolfHuntStrategy.h">
      <Filter>Файлы заголовков</Filter>
    </ClInclude>
    <ClInclude Include="СorralHuntStrategy.h">
      <Filter>Файлы заголовков</Filter>
    </ClInclude>
    <ClInclude Include="RoundUpHuntStrategy.h">
      <Filter>Файлы заголовков</Filter>
    </ClInclude>
    <ClInclude Include="StateSheep.h">
      <Filter>Файлы заголовков</Filter>
    </ClInclude>
    <ClInclude Include="SheepAlert.h">
      <Filter>Файлы заголовков</Filter>
    </ClInclude>
    <ClInclude Include="HealthySheep.h">
      <Filter>Файлы заголовков</Filter>
    </ClInclude>
    <ClInclude Include="SickSheep.h">
      <Filter>Файлы заголовков</Filter>
    </ClInclude>
    <ClInclude Include="SheepMatingBehaviorState.h">
      <Filter>Файлы заголовков</Filter>
    </ClInclude>
    <ClInclude Include="FieldCreator.h">
      <Filter>Файлы заголовков</Filter>
    </ClInclude>
    <ClInclude Include="GrassFieldCreator.h">
      <Filter>Файлы заголовков</Filter>
    </ClInclude>
    <ClInclude Include="Field.h">
      <Filter>Файлы заголовков</Filter>
    </ClInclude>
    <ClInclude Include="GrassField.h">
      <Filter>Файлы заголовков</Filter>
    </ClInclude>
    <ClInclude Include="Cell.h">
      <Filter>Файлы заголовков</Filter>
    </ClInclude>
    <ClInclude Include="Weather.h">
      <Filter>Файлы заголовков</Filter>
    </ClInclude>
    <ClInclude Include="Fauna.h">
      <Filter>Файлы заголовков</Filter>
    </ClInclude>
  </ItemGroup>
</Project>